
Microsoft Visual Studio Solution File, Format Version 12.00
# Visual Studio Version 17
VisualStudioVersion = 17.7.34031.279
MinimumVisualStudioVersion = 10.0.40219.1
Project("{FAE04EC0-301F-11D3-BF4B-00C04F79EFBC}") = "Cloudict.Core", "Cloudict.Core\Cloudict.Core.csproj", "{455B690D-2212-4BA7-96B2-ABF7E78C08F7}"
EndProject
Project("{FAE04EC0-301F-11D3-BF4B-00C04F79EFBC}") = "Cloudict.Platform", "Cloudict.Platform\Cloudict.Platform.csproj", "{37AF05FB-5EE4-4F2B-BF24-F099509F4514}"
EndProject
Project("{FAE04EC0-301F-11D3-BF4B-00C04F79EFBC}") = "Cloudict.Core.Tests", "Cloudict.Core.Tests\Cloudict.Core.Tests.csproj", "{55302B45-B0C4-4F3A-8624-DB6D744ABC0E}"
EndProject
Project("{FAE04EC0-301F-11D3-BF4B-00C04F79EFBC}") = "Cloudict.App", "Cloudict.App\Cloudict.App.csproj", "{08BD0848-EC0B-43C1-B07E-3CC424308774}"
EndProject
Global
	GlobalSection(SolutionConfigurationPlatforms) = preSolution
		Debug|Any CPU = Debug|Any CPU
		Debug|x64 = Debug|x64
		Debug|x86 = Debug|x86
		Release|Any CPU = Release|Any CPU
		Release|x64 = Release|x64
		Release|x86 = Release|x86
	EndGlobalSection
	GlobalSection(ProjectConfigurationPlatforms) = postSolution
		{455B690D-2212-4BA7-96B2-ABF7E78C08F7}.Debug|Any CPU.ActiveCfg = Debug|Any CPU
		{455B690D-2212-4BA7-96B2-ABF7E78C08F7}.Debug|Any CPU.Build.0 = Debug|Any CPU
		{455B690D-2212-4BA7-96B2-ABF7E78C08F7}.Debug|x64.ActiveCfg = Debug|Any CPU
		{455B690D-2212-4BA7-96B2-ABF7E78C08F7}.Debug|x64.Build.0 = Debug|Any CPU
		{455B690D-2212-4BA7-96B2-ABF7E78C08F7}.Debug|x86.ActiveCfg = Debug|Any CPU
		{455B690D-2212-4BA7-96B2-ABF7E78C08F7}.Debug|x86.Build.0 = Debug|Any CPU
		{455B690D-2212-4BA7-96B2-ABF7E78C08F7}.Release|Any CPU.ActiveCfg = Release|Any CPU
		{455B690D-2212-4BA7-96B2-ABF7E78C08F7}.Release|Any CPU.Build.0 = Release|Any CPU
		{455B690D-2212-4BA7-96B2-ABF7E78C08F7}.Release|x64.ActiveCfg = Release|Any CPU
		{455B690D-2212-4BA7-96B2-ABF7E78C08F7}.Release|x64.Build.0 = Release|Any CPU
		{455B690D-2212-4BA7-96B2-ABF7E78C08F7}.Release|x86.ActiveCfg = Release|Any CPU
		{455B690D-2212-4BA7-96B2-ABF7E78C08F7}.Release|x86.Build.0 = Release|Any CPU
		{37AF05FB-5EE4-4F2B-BF24-F099509F4514}.Debug|Any CPU.ActiveCfg = Debug|Any CPU
		{37AF05FB-5EE4-4F2B-BF24-F099509F4514}.Debug|Any CPU.Build.0 = Debug|Any CPU
		{37AF05FB-5EE4-4F2B-BF24-F099509F4514}.Debug|x64.ActiveCfg = Debug|Any CPU
		{37AF05FB-5EE4-4F2B-BF24-F099509F4514}.Debug|x64.Build.0 = Debug|Any CPU
		{37AF05FB-5EE4-4F2B-BF24-F099509F4514}.Debug|x86.ActiveCfg = Debug|Any CPU
		{37AF05FB-5EE4-4F2B-BF24-F099509F4514}.Debug|x86.Build.0 = Debug|Any CPU
		{37AF05FB-5EE4-4F2B-BF24-F099509F4514}.Release|Any CPU.ActiveCfg = Release|Any CPU
		{37AF05FB-5EE4-4F2B-BF24-F099509F4514}.Release|Any CPU.Build.0 = Release|Any CPU
		{37AF05FB-5EE4-4F2B-BF24-F099509F4514}.Release|x64.ActiveCfg = Release|Any CPU
		{37AF05FB-5EE4-4F2B-BF24-F099509F4514}.Release|x64.Build.0 = Release|Any CPU
		{37AF05FB-5EE4-4F2B-BF24-F099509F4514}.Release|x86.ActiveCfg = Release|Any CPU
		{37AF05FB-5EE4-4F2B-BF24-F099509F4514}.Release|x86.Build.0 = Release|Any CPU
		{55302B45-B0C4-4F3A-8624-DB6D744ABC0E}.Debug|Any CPU.ActiveCfg = Debug|Any CPU
		{55302B45-B0C4-4F3A-8624-DB6D744ABC0E}.Debug|Any CPU.Build.0 = Debug|Any CPU
		{55302B45-B0C4-4F3A-8624-DB6D744ABC0E}.Debug|x64.ActiveCfg = Debug|Any CPU
		{55302B45-B0C4-4F3A-8624-DB6D744ABC0E}.Debug|x64.Build.0 = Debug|Any CPU
		{55302B45-B0C4-4F3A-8624-DB6D744ABC0E}.Debug|x86.ActiveCfg = Debug|Any CPU
		{55302B45-B0C4-4F3A-8624-DB6D744ABC0E}.Debug|x86.Build.0 = Debug|Any CPU
		{55302B45-B0C4-4F3A-8624-DB6D744ABC0E}.Release|Any CPU.ActiveCfg = Release|Any CPU
		{55302B45-B0C4-4F3A-8624-DB6D744ABC0E}.Release|Any CPU.Build.0 = Release|Any CPU
		{55302B45-B0C4-4F3A-8624-DB6D744ABC0E}.Release|x64.ActiveCfg = Release|Any CPU
		{55302B45-B0C4-4F3A-8624-DB6D744ABC0E}.Release|x64.Build.0 = Release|Any CPU
		{55302B45-B0C4-4F3A-8624-DB6D744ABC0E}.Release|x86.ActiveCfg = Release|Any CPU
		{55302B45-B0C4-4F3A-8624-DB6D744ABC0E}.Release|x86.Build.0 = Release|Any CPU
		{08BD0848-EC0B-43C1-B07E-3CC424308774}.Debug|Any CPU.ActiveCfg = Debug|Any CPU
		{08BD0848-EC0B-43C1-B07E-3CC424308774}.Debug|Any CPU.Build.0 = Debug|Any CPU
		{08BD0848-EC0B-43C1-B07E-3CC424308774}.Debug|x64.ActiveCfg = Debug|Any CPU
		{08BD0848-EC0B-43C1-B07E-3CC424308774}.Debug|x64.Build.0 = Debug|Any CPU
		{08BD0848-EC0B-43C1-B07E-3CC424308774}.Debug|x86.ActiveCfg = Debug|Any CPU
		{08BD0848-EC0B-43C1-B07E-3CC424308774}.Debug|x86.Build.0 = Debug|Any CPU
		{08BD0848-EC0B-43C1-B07E-3CC424308774}.Release|Any CPU.ActiveCfg = Release|Any CPU
		{08BD0848-EC0B-43C1-B07E-3CC424308774}.Release|Any CPU.Build.0 = Release|Any CPU
		{08BD0848-EC0B-43C1-B07E-3CC424308774}.Release|x64.ActiveCfg = Release|Any CPU
		{08BD0848-EC0B-43C1-B07E-3CC424308774}.Release|x64.Build.0 = Release|Any CPU
		{08BD0848-EC0B-43C1-B07E-3CC424308774}.Release|x86.ActiveCfg = Release|Any CPU
		{08BD0848-EC0B-43C1-B07E-3CC424308774}.Release|x86.Build.0 = Release|Any CPU
	EndGlobalSection
	GlobalSection(SolutionProperties) = preSolution
		HideSolutionNode = FALSE
	EndGlobalSection
	GlobalSection(ExtensibilityGlobals) = postSolution
		SolutionGuid = {89ED97B3-6199-457F-B7E0-BDF7111EC53B}
	EndGlobalSection
EndGlobal
