
Microsoft Visual Studio Solution File, Format Version 12.00
# Visual Studio Version 17
VisualStudioVersion = 17.7.34031.279
MinimumVisualStudioVersion = 10.0.40219.1
Project("{FAE04EC0-301F-11D3-BF4B-00C04F79EFBC}") = "Cloudict", "Cloudict\Cloudict.csproj", "{8ABCC26B-17A9-46CC-B779-284BB3BB64D2}"
EndProject
Global
	GlobalSection(SolutionConfigurationPlatforms) = preSolution
		Debug|Any CPU = Debug|Any CPU
		Release|Any CPU = Release|Any CPU
	EndGlobalSection
	GlobalSection(ProjectConfigurationPlatforms) = postSolution
		{8ABCC26B-17A9-46CC-B779-284BB3BB64D2}.Debug|Any CPU.ActiveCfg = Debug|Any CPU
		{8ABCC26B-17A9-46CC-B779-284BB3BB64D2}.Debug|Any CPU.Build.0 = Debug|Any CPU
		{8ABCC26B-17A9-46CC-B779-284BB3BB64D2}.Release|Any CPU.ActiveCfg = Release|Any CPU
		{8ABCC26B-17A9-46CC-B779-284BB3BB64D2}.Release|Any CPU.Build.0 = Release|Any CPU
	EndGlobalSection
	GlobalSection(SolutionProperties) = preSolution
		HideSolutionNode = FALSE
	EndGlobalSection
	GlobalSection(ExtensibilityGlobals) = postSolution
		SolutionGuid = {89ED97B3-6199-457F-B7E0-BDF7111EC53B}
	EndGlobalSection
EndGlobal
